
Microsoft Visual Studio Solution File, Format Version 12.00
# Visual Studio Version 17
VisualStudioVersion = 17.6.33815.320
MinimumVisualStudioVersion = 10.0.40219.1
Project("{FAE04EC0-301F-11D3-BF4B-00C04F79EFBC}") = "YouTube Downloader Interface", "YouTube Downloader Interface\YouTube Downloader Interface.csproj", "{ACF00E25-9117-439E-B381-24010CB0B539}"
EndProject
Global
	GlobalSection(SolutionConfigurationPlatforms) = preSolution
		Debug|Any CPU = Debug|Any CPU
		Release|Any CPU = Release|Any CPU
	EndGlobalSection
	GlobalSection(ProjectConfigurationPlatforms) = postSolution
		{ACF00E25-9117-439E-B381-24010CB0B539}.Debug|Any CPU.ActiveCfg = Debug|Any CPU
		{ACF00E25-9117-439E-B381-24010CB0B539}.Debug|Any CPU.Build.0 = Debug|Any CPU
		{ACF00E25-9117-439E-B381-24010CB0B539}.Release|Any CPU.ActiveCfg = Release|Any CPU
		{ACF00E25-9117-439E-B381-24010CB0B539}.Release|Any CPU.Build.0 = Release|Any CPU
	EndGlobalSection
	GlobalSection(SolutionProperties) = preSolution
		HideSolutionNode = FALSE
	EndGlobalSection
	GlobalSection(ExtensibilityGlobals) = postSolution
		SolutionGuid = {816D2348-B41C-4576-8D92-853F9EF40742}
	EndGlobalSection
EndGlobal
